
Microsoft Visual Studio Solution File, Format Version 12.00
# Visual Studio Version 17
VisualStudioVersion = 17.13.35828.75 d17.13
MinimumVisualStudioVersion = 10.0.40219.1
Project("{FAE04EC0-301F-11D3-BF4B-00C04F79EFBC}") = "PortfolioAsp.Net", "PortfolioAsp.Net.csproj", "{F3C82998-695C-4A8A-89D6-421B854B7003}"
EndProject
Global
	GlobalSection(SolutionConfigurationPlatforms) = preSolution
		Debug|Any CPU = Debug|Any CPU
		Release|Any CPU = Release|Any CPU
	EndGlobalSection
	GlobalSection(ProjectConfigurationPlatforms) = postSolution
		{F3C82998-695C-4A8A-89D6-421B854B7003}.Debug|Any CPU.ActiveCfg = Debug|Any CPU
		{F3C82998-695C-4A8A-89D6-421B854B7003}.Debug|Any CPU.Build.0 = Debug|Any CPU
		{F3C82998-695C-4A8A-89D6-421B854B7003}.Release|Any CPU.ActiveCfg = Release|Any CPU
		{F3C82998-695C-4A8A-89D6-421B854B7003}.Release|Any CPU.Build.0 = Release|Any CPU
	EndGlobalSection
	GlobalSection(SolutionProperties) = preSolution
		HideSolutionNode = FALSE
	EndGlobalSection
	GlobalSection(ExtensibilityGlobals) = postSolution
		SolutionGuid = {FE8F1FCF-D6D9-4703-912D-FE0725E3A0AE}
	EndGlobalSection
EndGlobal
